
Microsoft Visual Studio Solution File, Format Version 12.00
# Visual Studio Version 17
VisualStudioVersion = 17.8.34322.80
MinimumVisualStudioVersion = 10.0.40219.1
Project("{FAE04EC0-301F-11D3-BF4B-00C04F79EFBC}") = "SimpleInventoryManagement.App", "SimpleInventoryManagement.App\SimpleInventoryManagement.App.csproj", "{6784E4C8-C52F-4FEE-8B02-8C2977157A9C}"
EndProject
Global
	GlobalSection(SolutionConfigurationPlatforms) = preSolution
		Debug|Any CPU = Debug|Any CPU
		Release|Any CPU = Release|Any CPU
	EndGlobalSection
	GlobalSection(ProjectConfigurationPlatforms) = postSolution
		{6784E4C8-C52F-4FEE-8B02-8C2977157A9C}.Debug|Any CPU.ActiveCfg = Debug|Any CPU
		{6784E4C8-C52F-4FEE-8B02-8C2977157A9C}.Debug|Any CPU.Build.0 = Debug|Any CPU
		{6784E4C8-C52F-4FEE-8B02-8C2977157A9C}.Release|Any CPU.ActiveCfg = Release|Any CPU
		{6784E4C8-C52F-4FEE-8B02-8C2977157A9C}.Release|Any CPU.Build.0 = Release|Any CPU
	EndGlobalSection
	GlobalSection(SolutionProperties) = preSolution
		HideSolutionNode = FALSE
	EndGlobalSection
	GlobalSection(ExtensibilityGlobals) = postSolution
		SolutionGuid = {D5744B2F-DCBB-4CF7-9DE9-BC1426B1B164}
	EndGlobalSection
EndGlobal
